
Microsoft Visual Studio Solution File, Format Version 12.00
# Visual Studio Version 16
VisualStudioVersion = 16.0.34601.136
MinimumVisualStudioVersion = 10.0.40219.1
Project("{FAE04EC0-301F-11D3-BF4B-00C04F79EFBC}") = "loginf", "loginf\loginf.csproj", "{A99091DD-EBC3-48EC-B548-B4A5425DFCEF}"
EndProject
Global
	GlobalSection(SolutionConfigurationPlatforms) = preSolution
		Debug|Any CPU = Debug|Any CPU
		Release|Any CPU = Release|Any CPU
	EndGlobalSection
	GlobalSection(ProjectConfigurationPlatforms) = postSolution
		{A99091DD-EBC3-48EC-B548-B4A5425DFCEF}.Debug|Any CPU.ActiveCfg = Debug|Any CPU
		{A99091DD-EBC3-48EC-B548-B4A5425DFCEF}.Debug|Any CPU.Build.0 = Debug|Any CPU
		{A99091DD-EBC3-48EC-B548-B4A5425DFCEF}.Release|Any CPU.ActiveCfg = Release|Any CPU
		{A99091DD-EBC3-48EC-B548-B4A5425DFCEF}.Release|Any CPU.Build.0 = Release|Any CPU
	EndGlobalSection
	GlobalSection(SolutionProperties) = preSolution
		HideSolutionNode = FALSE
	EndGlobalSection
	GlobalSection(ExtensibilityGlobals) = postSolution
		SolutionGuid = {A24327C8-85B1-45E1-830D-2EE69D037A40}
	EndGlobalSection
EndGlobal
